
Microsoft Visual Studio Solution File, Format Version 12.00
# Visual Studio Version 16
VisualStudioVersion = 16.0.29403.142
MinimumVisualStudioVersion = 10.0.40219.1
Project("{9A19103F-16F7-4668-BE54-9A1E7A4F7556}") = "TortosaApi.WebApi", "WebApi\TortosaApi.WebApi.csproj", "{CDA0567E-BE36-42C3-AB90-E9E6EEEBAB3E}"
	ProjectSection(ProjectDependencies) = postProject
		{2714BB93-FD85-4317-B976-F90B2F7095B1} = {2714BB93-FD85-4317-B976-F90B2F7095B1}
	EndProjectSection
EndProject
Project("{9A19103F-16F7-4668-BE54-9A1E7A4F7556}") = "TortosaApi.Application", "Application\TortosaApi.Application.csproj", "{2714BB93-FD85-4317-B976-F90B2F7095B1}"
EndProject
Project("{9A19103F-16F7-4668-BE54-9A1E7A4F7556}") = "TortosaApi.Domain", "Domain\TortosaApi.Domain.csproj", "{39A77DCC-8F63-4E2D-A98B-19DA0ED3E410}"
EndProject
Project("{9A19103F-16F7-4668-BE54-9A1E7A4F7556}") = "TortosaApi.Infrastructure", "Infrastructure\TortosaApi.Infrastructure.csproj", "{86A9CDD7-2C97-4D55-80F3-67E8E797BF00}"
EndProject
Global
	GlobalSection(SolutionConfigurationPlatforms) = preSolution
		Debug|Any CPU = Debug|Any CPU
		Release|Any CPU = Release|Any CPU
	EndGlobalSection
	GlobalSection(ProjectConfigurationPlatforms) = postSolution
		{CDA0567E-BE36-42C3-AB90-E9E6EEEBAB3E}.Debug|Any CPU.ActiveCfg = Debug|Any CPU
		{CDA0567E-BE36-42C3-AB90-E9E6EEEBAB3E}.Debug|Any CPU.Build.0 = Debug|Any CPU
		{CDA0567E-BE36-42C3-AB90-E9E6EEEBAB3E}.Release|Any CPU.ActiveCfg = Release|Any CPU
		{CDA0567E-BE36-42C3-AB90-E9E6EEEBAB3E}.Release|Any CPU.Build.0 = Release|Any CPU
		{2714BB93-FD85-4317-B976-F90B2F7095B1}.Debug|Any CPU.ActiveCfg = Debug|Any CPU
		{2714BB93-FD85-4317-B976-F90B2F7095B1}.Debug|Any CPU.Build.0 = Debug|Any CPU
		{2714BB93-FD85-4317-B976-F90B2F7095B1}.Release|Any CPU.ActiveCfg = Release|Any CPU
		{2714BB93-FD85-4317-B976-F90B2F7095B1}.Release|Any CPU.Build.0 = Release|Any CPU
		{39A77DCC-8F63-4E2D-A98B-19DA0ED3E410}.Debug|Any CPU.ActiveCfg = Debug|Any CPU
		{39A77DCC-8F63-4E2D-A98B-19DA0ED3E410}.Debug|Any CPU.Build.0 = Debug|Any CPU
		{39A77DCC-8F63-4E2D-A98B-19DA0ED3E410}.Release|Any CPU.ActiveCfg = Release|Any CPU
		{39A77DCC-8F63-4E2D-A98B-19DA0ED3E410}.Release|Any CPU.Build.0 = Release|Any CPU
		{86A9CDD7-2C97-4D55-80F3-67E8E797BF00}.Debug|Any CPU.ActiveCfg = Debug|Any CPU
		{86A9CDD7-2C97-4D55-80F3-67E8E797BF00}.Debug|Any CPU.Build.0 = Debug|Any CPU
		{86A9CDD7-2C97-4D55-80F3-67E8E797BF00}.Release|Any CPU.ActiveCfg = Release|Any CPU
		{86A9CDD7-2C97-4D55-80F3-67E8E797BF00}.Release|Any CPU.Build.0 = Release|Any CPU
	EndGlobalSection
	GlobalSection(SolutionProperties) = preSolution
		HideSolutionNode = FALSE
	EndGlobalSection
	GlobalSection(ExtensibilityGlobals) = postSolution
		SolutionGuid = {8D66BDC6-693F-4613-A9A6-D480AEB1423E}
	EndGlobalSection
EndGlobal
